dependencies:
- name: postgresql-ha
  repository: https://charts.bitnami.com/bitnami
  version: 16.3.2
- name: redis
  repository: https://charts.bitnami.com/bitnami
  version: 22.0.7
- name: rocketmq
  repository: https://tianping526.github.io/helm-charts
  version: 5.3.8
digest: sha256:54cf4a6eb148a050946395bf881702edebe49617621dfaefed674d91f7a1e4af
generated: "2025-09-03T15:38:16.071854+08:00"
