dependencies:
- name: postgresql-ha
  repository: https://charts.bitnami.com/bitnami
  version: 16.0.22
- name: redis
  repository: https://charts.bitnami.com/bitnami
  version: 21.2.14
- name: rocketmq
  repository: file://../rocketmq
  version: 5.3.3
digest: sha256:28bf26873fd64f27ff14540e6a33336d2972d12836f811d322a1c5823e290374
generated: "2025-08-19T12:18:13.853151+08:00"
