dependencies:
- name: postgresql-ha
  repository: https://charts.bitnami.com/bitnami
  version: 16.0.22
- name: redis
  repository: https://charts.bitnami.com/bitnami
  version: 21.2.14
- name: rocketmq
  repository: https://helm-charts.itboon.top/rocketmq
  version: 12.4.0
digest: sha256:6168333c6776cadfcd0d3558b2959fba4d170d2290e2604af598fd08f7dd07ac
generated: "2025-08-07T16:00:29.171557+08:00"
